
Microsoft Visual Studio Solution File, Format Version 12.00
# Visual Studio Version 17
VisualStudioVersion = 17.5.33516.290
MinimumVisualStudioVersion = 10.0.40219.1
Project("{FAE04EC0-301F-11D3-BF4B-00C04F79EFBC}") = "BattleGame", "BattleGame\BattleGame.csproj", "{9F909C17-B25E-4FD5-AB9E-4D9E5CA705FE}"
EndProject
Project("{FAE04EC0-301F-11D3-BF4B-00C04F79EFBC}") = "UnitTest", "UnitTest\UnitTest.csproj", "{075853A3-B239-4855-996E-C21E67E261D6}"
EndProject
Global
	GlobalSection(SolutionConfigurationPlatforms) = preSolution
		Debug|Any CPU = Debug|Any CPU
		Release|Any CPU = Release|Any CPU
	EndGlobalSection
	GlobalSection(ProjectConfigurationPlatforms) = postSolution
		{9F909C17-B25E-4FD5-AB9E-4D9E5CA705FE}.Debug|Any CPU.ActiveCfg = Debug|Any CPU
		{9F909C17-B25E-4FD5-AB9E-4D9E5CA705FE}.Debug|Any CPU.Build.0 = Debug|Any CPU
		{9F909C17-B25E-4FD5-AB9E-4D9E5CA705FE}.Release|Any CPU.ActiveCfg = Release|Any CPU
		{9F909C17-B25E-4FD5-AB9E-4D9E5CA705FE}.Release|Any CPU.Build.0 = Release|Any CPU
		{075853A3-B239-4855-996E-C21E67E261D6}.Debug|Any CPU.ActiveCfg = Debug|Any CPU
		{075853A3-B239-4855-996E-C21E67E261D6}.Debug|Any CPU.Build.0 = Debug|Any CPU
		{075853A3-B239-4855-996E-C21E67E261D6}.Release|Any CPU.ActiveCfg = Release|Any CPU
		{075853A3-B239-4855-996E-C21E67E261D6}.Release|Any CPU.Build.0 = Release|Any CPU
	EndGlobalSection
	GlobalSection(SolutionProperties) = preSolution
		HideSolutionNode = FALSE
	EndGlobalSection
	GlobalSection(ExtensibilityGlobals) = postSolution
		SolutionGuid = {5CAE96FA-8FB4-47A5-A97A-969F889519D1}
	EndGlobalSection
EndGlobal
